// !$*UTF8*$!
{
	archiveVersion = 1;
	classes = {
	};
	objectVersion = 46;
	objects = {

/* Begin PBXBuildFile section */
		4301CB711BB316CA00298037 /* main.m in Sources */ = {isa = PBXBuildFile; fileRef = 4301CB701BB316CA00298037 /* main.m */; };
		4301CB741BB316CA00298037 /* AppDelegate.m in Sources */ = {isa = PBXBuildFile; fileRef = 4301CB731BB316CA00298037 /* AppDelegate.m */; };
		4301CB771BB316CA00298037 /* ViewController.m in Sources */ = {isa = PBXBuildFile; fileRef = 4301CB761BB316CA00298037 /* ViewController.m */; };
		4301CB7C1BB316CA00298037 /* Assets.xcassets in Resources */ = {isa = PBXBuildFile; fileRef = 4301CB7B1BB316CA00298037 /* Assets.xcassets */; };
		4301CB7F1BB316CA00298037 /* LaunchScreen.storyboard in Resources */ = {isa = PBXBuildFile; fileRef = 4301CB7D1BB316CA00298037 /* LaunchScreen.storyboard */; };
		4301CB8A1BB316CB00298037 /* BlocBrowserTests.m in Sources */ = {isa = PBXBuildFile; fileRef = 4301CB891BB316CB00298037 /* BlocBrowserTests.m */; };
		4301CB951BB316CB00298037 /* BlocBrowserUITests.m in Sources */ = {isa = PBXBuildFile; fileRef = 4301CB941BB316CB00298037 /* BlocBrowserUITests.m */; };
		43CB89DA1BB9BE0700D9C4BB /* AwesomeFloatingToolbar.m in Sources */ = {isa = PBXBuildFile; fileRef = 43CB89D91BB9BE0700D9C4BB /* AwesomeFloatingToolbar.m */; settings = {ASSET_TAGS = (); }; };
/* End PBXBuildFile section */

/* Begin PBXContainerItemProxy section */
		4301CB861BB316CB00298037 /* PBXContainerItemProxy */ = {
			isa = PBXContainerItemProxy;
			containerPortal = 4301CB641BB316CA00298037 /* Project object */;
			proxyType = 1;
			remoteGlobalIDString = 4301CB6B1BB316CA00298037;
			remoteInfo = BlocBrowser;
		};
		4301CB911BB316CB00298037 /* PBXContainerItemProxy */ = {
			isa = PBXContainerItemProxy;
			containerPortal = 4301CB641BB316CA00298037 /* Project object */;
			proxyType = 1;
			remoteGlobalIDString = 4301CB6B1BB316CA00298037;
			remoteInfo = BlocBrowser;
		};
/* End PBXContainerItemProxy section */

/* Begin PBXFileReference section */
		4301CB6C1BB316CA00298037 /* BlocBrowser.app */ = {isa = PBXFileReference; explicitFileType = wrapper.application; includeInIndex = 0; path = BlocBrowser.app; sourceTree = BUILT_PRODUCTS_DIR; };
		4301CB701BB316CA00298037 /* main.m */ = {isa = PBXFileReference; lastKnownFileType = sourcecode.c.objc; path = main.m; sourceTree = "<group>"; };
		4301CB721BB316CA00298037 /* AppDelegate.h */ = {isa = PBXFileReference; lastKnownFileType = sourcecode.c.h; path = AppDelegate.h; sourceTree = "<group>"; };
		4301CB731BB316CA00298037 /* AppDelegate.m */ = {isa = PBXFileReference; lastKnownFileType = sourcecode.c.objc; path = AppDelegate.m; sourceTree = "<group>"; };
		4301CB751BB316CA00298037 /* ViewController.h */ = {isa = PBXFileReference; lastKnownFileType = sourcecode.c.h; path = ViewController.h; sourceTree = "<group>"; };
		4301CB761BB316CA00298037 /* ViewController.m */ = {isa = PBXFileReference; lastKnownFileType = sourcecode.c.objc; path = ViewController.m; sourceTree = "<group>"; };
		4301CB7B1BB316CA00298037 /* Assets.xcassets */ = {isa = PBXFileReference; lastKnownFileType = folder.assetcatalog; path = Assets.xcassets; sourceTree = "<group>"; };
		4301CB7E1BB316CA00298037 /* Base */ = {isa = PBXFileReference; lastKnownFileType = file.storyboard; name = Base; path = Base.lproj/LaunchScreen.storyboard; sourceTree = "<group>"; };
		4301CB801BB316CA00298037 /* Info.plist */ = {isa = PBXFileReference; lastKnownFileType = text.plist.xml; path = Info.plist; sourceTree = "<group>"; };
		4301CB851BB316CB00298037 /* BlocBrowserTests.xctest */ = {isa = PBXFileReference; explicitFileType = wrapper.cfbundle; includeInIndex = 0; path = BlocBrowserTests.xctest; sourceTree = BUILT_PRODUCTS_DIR; };
		4301CB891BB316CB00298037 /* BlocBrowserTests.m */ = {isa = PBXFileReference; lastKnownFileType = sourcecode.c.objc; path = BlocBrowserTests.m; sourceTree = "<group>"; };
		4301CB8B1BB316CB00298037 /* Info.plist */ = {isa = PBXFileReference; lastKnownFileType = text.plist.xml; path = Info.plist; sourceTree = "<group>"; };
		4301CB901BB316CB00298037 /* BlocBrowserUITests.xctest */ = {isa = PBXFileReference; explicitFileType = wrapper.cfbundle; includeInIndex = 0; path = BlocBrowserUITests.xctest; sourceTree = BUILT_PRODUCTS_DIR; };
		4301CB941BB316CB00298037 /* BlocBrowserUITests.m */ = {isa = PBXFileReference; lastKnownFileType = sourcecode.c.objc; path = BlocBrowserUITests.m; sourceTree = "<group>"; };
		4301CB961BB316CB00298037 /* Info.plist */ = {isa = PBXFileReference; lastKnownFileType = text.plist.xml; path = Info.plist; sourceTree = "<group>"; };
		43CB89D81BB9BE0700D9C4BB /* AwesomeFloatingToolbar.h */ = {isa = PBXFileReference; fileEncoding = 4; lastKnownFileType = sourcecode.c.h; path = AwesomeFloatingToolbar.h; sourceTree = "<group>"; };
		43CB89D91BB9BE0700D9C4BB /* AwesomeFloatingToolbar.m */ = {isa = PBXFileReference; fileEncoding = 4; lastKnownFileType = sourcecode.c.objc; path = AwesomeFloatingToolbar.m; sourceTree = "<group>"; };
/* End PBXFileReference section */

/* Begin PBXFrameworksBuildPhase section */
		4301CB691BB316CA00298037 /* Frameworks */ = {
			isa = PBXFrameworksBuildPhase;
			buildActionMask = 2147483647;
			files = (
			);
			runOnlyForDeploymentPostprocessing = 0;
		};
		4301CB821BB316CB00298037 /* Frameworks */ = {
			isa = PBXFrameworksBuildPhase;
			buildActionMask = 2147483647;
			files = (
			);
			runOnlyForDeploymentPostprocessing = 0;
		};
		4301CB8D1BB316CB00298037 /* Frameworks */ = {
			isa = PBXFrameworksBuildPhase;
			buildActionMask = 2147483647;
			files = (
			);
			runOnlyForDeploymentPostprocessing = 0;
		};
/* End PBXFrameworksBuildPhase section */

/* Begin PBXGroup section */
		4301CB631BB316CA00298037 = {
			isa = PBXGroup;
			children = (
				4301CB6E1BB316CA00298037 /* BlocBrowser */,
				4301CB881BB316CB00298037 /* BlocBrowserTests */,
				4301CB931BB316CB00298037 /* BlocBrowserUITests */,
				4301CB6D1BB316CA00298037 /* Products */,
			);
			sourceTree = "<group>";
		};
		4301CB6D1BB316CA00298037 /* Products */ = {
			isa = PBXGroup;
			children = (
				4301CB6C1BB316CA00298037 /* BlocBrowser.app */,
				4301CB851BB316CB00298037 /* BlocBrowserTests.xctest */,
				4301CB901BB316CB00298037 /* BlocBrowserUITests.xctest */,
			);
			name = Products;
			sourceTree = "<group>";
		};
		4301CB6E1BB316CA00298037 /* BlocBrowser */ = {
			isa = PBXGroup;
			children = (
				4301CB721BB316CA00298037 /* AppDelegate.h */,
				4301CB731BB316CA00298037 /* AppDelegate.m */,
				4301CB751BB316CA00298037 /* ViewController.h */,
				4301CB761BB316CA00298037 /* ViewController.m */,
				43CB89D81BB9BE0700D9C4BB /* AwesomeFloatingToolbar.h */,
				43CB89D91BB9BE0700D9C4BB /* AwesomeFloatingToolbar.m */,
				4301CB7B1BB316CA00298037 /* Assets.xcassets */,
				4301CB7D1BB316CA00298037 /* LaunchScreen.storyboard */,
				4301CB801BB316CA00298037 /* Info.plist */,
				4301CB6F1BB316CA00298037 /* Supporting Files */,
			);
			path = BlocBrowser;
			sourceTree = "<group>";
		};
		4301CB6F1BB316CA00298037 /* Supporting Files */ = {
			isa = PBXGroup;
			children = (
				4301CB701BB316CA00298037 /* main.m */,
			);
			name = "Supporting Files";
			sourceTree = "<group>";
		};
		4301CB881BB316CB00298037 /* BlocBrowserTests */ = {
			isa = PBXGroup;
			children = (
				4301CB891BB316CB00298037 /* BlocBrowserTests.m */,
				4301CB8B1BB316CB00298037 /* Info.plist */,
			);
			path = BlocBrowserTests;
			sourceTree = "<group>";
		};
		4301CB931BB316CB00298037 /* BlocBrowserUITests */ = {
			isa = PBXGroup;
			children = (
				4301CB941BB316CB00298037 /* BlocBrowserUITests.m */,
				4301CB961BB316CB00298037 /* Info.plist */,
			);
			path = BlocBrowserUITests;
			sourceTree = "<group>";
		};
/* End PBXGroup section */

/* Begin PBXNativeTarget section */
		4301CB6B1BB316CA00298037 /* BlocBrowser */ = {
			isa = PBXNativeTarget;
			buildConfigurationList = 4301CB991BB316CB00298037 /* Build configuration list for PBXNativeTarget "BlocBrowser" */;
			buildPhases = (
				4301CB681BB316CA00298037 /* Sources */,
				4301CB691BB316CA00298037 /* Frameworks */,
				4301CB6A1BB316CA00298037 /* Resources */,
			);
			buildRules = (
			);
			dependencies = (
			);
			name = BlocBrowser;
			productName = BlocBrowser;
			productReference = 4301CB6C1BB316CA00298037 /* BlocBrowser.app */;
			productType = "com.apple.product-type.application";
		};
		4301CB841BB316CB00298037 /* BlocBrowserTests */ = {
			isa = PBXNativeTarget;
			buildConfigurationList = 4301CB9C1BB316CB00298037 /* Build configuration list for PBXNativeTarget "BlocBrowserTests" */;
			buildPhases = (
				4301CB811BB316CB00298037 /* Sources */,
				4301CB821BB316CB00298037 /* Frameworks */,
				4301CB831BB316CB00298037 /* Resources */,
			);
			buildRules = (
			);
			dependencies = (
				4301CB871BB316CB00298037 /* PBXTargetDependency */,
			);
			name = BlocBrowserTests;
			productName = BlocBrowserTests;
			productReference = 4301CB851BB316CB00298037 /* BlocBrowserTests.xctest */;
			productType = "com.apple.product-type.bundle.unit-test";
		};
		4301CB8F1BB316CB00298037 /* BlocBrowserUITests */ = {
			isa = PBXNativeTarget;
			buildConfigurationList = 4301CB9F1BB316CB00298037 /* Build configuration list for PBXNativeTarget "BlocBrowserUITests" */;
			buildPhases = (
				4301CB8C1BB316CB00298037 /* Sources */,
				4301CB8D1BB316CB00298037 /* Frameworks */,
				4301CB8E1BB316CB00298037 /* Resources */,
			);
			buildRules = (
			);
			dependencies = (
				4301CB921BB316CB00298037 /* PBXTargetDependency */,
			);
			name = BlocBrowserUITests;
			productName = BlocBrowserUITests;
			productReference = 4301CB901BB316CB00298037 /* BlocBrowserUITests.xctest */;
			productType = "com.apple.product-type.bundle.ui-testing";
		};
/* End PBXNativeTarget section */

/* Begin PBXProject section */
		4301CB641BB316CA00298037 /* Project object */ = {
			isa = PBXProject;
			attributes = {
				LastUpgradeCheck = 0700;
				ORGANIZATIONNAME = Bloc;
				TargetAttributes = {
					4301CB6B1BB316CA00298037 = {
						CreatedOnToolsVersion = 7.0;
						DevelopmentTeam = WFBXYH99LH;
					};
					4301CB841BB316CB00298037 = {
						CreatedOnToolsVersion = 7.0;
						TestTargetID = 4301CB6B1BB316CA00298037;
					};
					4301CB8F1BB316CB00298037 = {
						CreatedOnToolsVersion = 7.0;
						TestTargetID = 4301CB6B1BB316CA00298037;
					};
				};
			};
			buildConfigurationList = 4301CB671BB316CA00298037 /* Build configuration list for PBXProject "BlocBrowser" */;
			compatibilityVersion = "Xcode 3.2";
			developmentRegion = English;
			hasScannedForEncodings = 0;
			knownRegions = (
				en,
				Base,
			);
			mainGroup = 4301CB631BB316CA00298037;
			productRefGroup = 4301CB6D1BB316CA00298037 /* Products */;
			projectDirPath = "";
			projectRoot = "";
			targets = (
				4301CB6B1BB316CA00298037 /* BlocBrowser */,
				4301CB841BB316CB00298037 /* BlocBrowserTests */,
				4301CB8F1BB316CB00298037 /* BlocBrowserUITests */,
			);
		};
/* End PBXProject section */

/* Begin PBXResourcesBuildPhase section */
		4301CB6A1BB316CA00298037 /* Resources */ = {
			isa = PBXResourcesBuildPhase;
			buildActionMask = 2147483647;
			files = (
				4301CB7F1BB316CA00298037 /* LaunchScreen.storyboard in Resources */,
				4301CB7C1BB316CA00298037 /* Assets.xcassets in Resources */,
			);
			runOnlyForDeploymentPostprocessing = 0;
		};
		4301CB831BB316CB00298037 /* Resources */ = {
			isa = PBXResourcesBuildPhase;
			buildActionMask = 2147483647;
			files = (
			);
			runOnlyForDeploymentPostprocessing = 0;
		};
		4301CB8E1BB316CB00298037 /* Resources */ = {
			isa = PBXResourcesBuildPhase;
			buildActionMask = 2147483647;
			files = (
			);
			runOnlyForDeploymentPostprocessing = 0;
		};
/* End PBXResourcesBuildPhase section */

/* Begin PBXSourcesBuildPhase section */
		4301CB681BB316CA00298037 /* Sources */ = {
			isa = PBXSourcesBuildPhase;
			buildActionMask = 2147483647;
			files = (
				4301CB771BB316CA00298037 /* ViewController.m in Sources */,
				4301CB741BB316CA00298037 /* AppDelegate.m in Sources */,
				4301CB711BB316CA00298037 /* main.m in Sources */,
				43CB89DA1BB9BE0700D9C4BB /* AwesomeFloatingToolbar.m in Sources */,
			);
			runOnlyForDeploymentPostprocessing = 0;
		};
		4301CB811BB316CB00298037 /* Sources */ = {
			isa = PBXSourcesBuildPhase;
			buildActionMask = 2147483647;
			files = (
				4301CB8A1BB316CB00298037 /* BlocBrowserTests.m in Sources */,
			);
			runOnlyForDeploymentPostprocessing = 0;
		};
		4301CB8C1BB316CB00298037 /* Sources */ = {
			isa = PBXSourcesBuildPhase;
			buildActionMask = 2147483647;
			files = (
				4301CB951BB316CB00298037 /* BlocBrowserUITests.m in Sources */,
			);
			runOnlyForDeploymentPostprocessing = 0;
		};
/* End PBXSourcesBuildPhase section */

/* Begin PBXTargetDependency section */
		4301CB871BB316CB00298037 /* PBXTargetDependency */ = {
			isa = PBXTargetDependency;
			target = 4301CB6B1BB316CA00298037 /* BlocBrowser */;
			targetProxy = 4301CB861BB316CB00298037 /* PBXContainerItemProxy */;
		};
		4301CB921BB316CB00298037 /* PBXTargetDependency */ = {
			isa = PBXTargetDependency;
			target = 4301CB6B1BB316CA00298037 /* BlocBrowser */;
			targetProxy = 4301CB911BB316CB00298037 /* PBXContainerItemProxy */;
		};
/* End PBXTargetDependency section */

/* Begin PBXVariantGroup section */
		4301CB7D1BB316CA00298037 /* LaunchScreen.storyboard */ = {
			isa = PBXVariantGroup;
			children = (
				4301CB7E1BB316CA00298037 /* Base */,
			);
			name = LaunchScreen.storyboard;
			sourceTree = "<group>";
		};
/* End PBXVariantGroup section */

/* Begin XCBuildConfiguration section */
		4301CB971BB316CB00298037 /* Debug */ = {
			isa = XCBuildConfiguration;
			buildSettings = {
				ALWAYS_SEARCH_USER_PATHS = NO;
				CLANG_CXX_LANGUAGE_STANDARD = "gnu++0x";
				CLANG_CXX_LIBRARY = "libc++";
				CLANG_ENABLE_MODULES = YES;
				CLANG_ENABLE_OBJC_ARC = YES;
				CLANG_WARN_BOOL_CONVERSION = YES;
				CLANG_WARN_CONSTANT_CONVERSION = YES;
				CLANG_WARN_DIRECT_OBJC_ISA_USAGE = YES_ERROR;
				CLANG_WARN_EMPTY_BODY = YES;
				CLANG_WARN_ENUM_CONVERSION = YES;
				CLANG_WARN_INT_CONVERSION = YES;
				CLANG_WARN_OBJC_ROOT_CLASS = YES_ERROR;
				CLANG_WARN_UNREACHABLE_CODE = YES;
				CLANG_WARN__DUPLICATE_METHOD_MATCH = YES;
				"CODE_SIGN_IDENTITY[sdk=iphoneos*]" = "iPhone Developer";
				COPY_PHASE_STRIP = NO;
				DEBUG_INFORMATION_FORMAT = dwarf;
				ENABLE_STRICT_OBJC_MSGSEND = YES;
				ENABLE_TESTABILITY = YES;
				GCC_C_LANGUAGE_STANDARD = gnu99;
				GCC_DYNAMIC_NO_PIC = NO;
				GCC_NO_COMMON_BLOCKS = YES;
				GCC_OPTIMIZATION_LEVEL = 0;
				GCC_PREPROCESSOR_DEFINITIONS = (
					"DEBUG=1",
					"$(inherited)",
				);
				GCC_WARN_64_TO_32_BIT_CONVERSION = YES;
				GCC_WARN_ABOUT_RETURN_TYPE = YES_ERROR;
				GCC_WARN_UNDECLARED_SELECTOR = YES;
				GCC_WARN_UNINITIALIZED_AUTOS = YES_AGGRESSIVE;
				GCC_WARN_UNUSED_FUNCTION = YES;
				GCC_WARN_UNUSED_VARIABLE = YES;
				IPHONEOS_DEPLOYMENT_TARGET = 9.0;
				MTL_ENABLE_DEBUG_INFO = YES;
				ONLY_ACTIVE_ARCH = YES;
				SDKROOT = iphoneos;
				TARGETED_DEVICE_FAMILY = "1,2";
			};
			name = Debug;
		};
		4301CB981BB316CB00298037 /* Release */ = {
			isa = XCBuildConfiguration;
			buildSettings = {
				ALWAYS_SEARCH_USER_PATHS = NO;
				CLANG_CXX_LANGUAGE_STANDARD = "gnu++0x";
				CLANG_CXX_LIBRARY = "libc++";
				CLANG_ENABLE_MODULES = YES;
				CLANG_ENABLE_OBJC_ARC = YES;
				CLANG_WARN_BOOL_CONVERSION = YES;
				CLANG_WARN_CONSTANT_CONVERSION = YES;
				CLANG_WARN_DIRECT_OBJC_ISA_USAGE = YES_ERROR;
				CLANG_WARN_EMPTY_BODY = YES;
				CLANG_WARN_ENUM_CONVERSION = YES;
				CLANG_WARN_INT_CONVERSION = YES;
				CLANG_WARN_OBJC_ROOT_CLASS = YES_ERROR;
				CLANG_WARN_UNREACHABLE_CODE = YES;
				CLANG_WARN__DUPLICATE_METHOD_MATCH = YES;
				"CODE_SIGN_IDENTITY[sdk=iphoneos*]" = "iPhone Developer";
				COPY_PHASE_STRIP = NO;
				DEBUG_INFORMATION_FORMAT = "dwarf-with-dsym";
				ENABLE_NS_ASSERTIONS = NO;
				ENABLE_STRICT_OBJC_MSGSEND = YES;
				GCC_C_LANGUAGE_STANDARD = gnu99;
				GCC_NO_COMMON_BLOCKS = YES;
				GCC_WARN_64_TO_32_BIT_CONVERSION = YES;
				GCC_WARN_ABOUT_RETURN_TYPE = YES_ERROR;
				GCC_WARN_UNDECLARED_SELECTOR = YES;
				GCC_WARN_UNINITIALIZED_AUTOS = YES_AGGRESSIVE;
				GCC_WARN_UNUSED_FUNCTION = YES;
				GCC_WARN_UNUSED_VARIABLE = YES;
				IPHONEOS_DEPLOYMENT_TARGET = 9.0;
				MTL_ENABLE_DEBUG_INFO = NO;
				SDKROOT = iphoneos;
				TARGETED_DEVICE_FAMILY = "1,2";
				VALIDATE_PRODUCT = YES;
			};
			name = Release;
		};
		4301CB9A1BB316CB00298037 /* Debug */ = {
			isa = XCBuildConfiguration;
			buildSettings = {
				ASSETCATALOG_COMPILER_APPICON_NAME = AppIcon;
				CODE_SIGN_IDENTITY = "iPhone Developer";
				INFOPLIST_FILE = BlocBrowser/Info.plist;
				LD_RUNPATH_SEARCH_PATHS = "$(inherited) @executable_path/Frameworks";
				PRODUCT_BUNDLE_IDENTIFIER = com.Bloc.BlocBrowser;
				PRODUCT_NAME = "$(TARGET_NAME)";
			};
			name = Debug;
		};
		4301CB9B1BB316CB00298037 /* Release */ = {
			isa = XCBuildConfiguration;
			buildSettings = {
				ASSETCATALOG_COMPILER_APPICON_NAME = AppIcon;
				CODE_SIGN_IDENTITY = "iPhone Developer";
				INFOPLIST_FILE = BlocBrowser/Info.plist;
				LD_RUNPATH_SEARCH_PATHS = "$(inherited) @executable_path/Frameworks";
				PRODUCT_BUNDLE_IDENTIFIER = com.Bloc.BlocBrowser;
				PRODUCT_NAME = "$(TARGET_NAME)";
			};
			name = Release;
		};
		4301CB9D1BB316CB00298037 /* Debug */ = {
			isa = XCBuildConfiguration;
			buildSettings = {
				BUNDLE_LOADER = "$(TEST_HOST)";
				INFOPLIST_FILE = BlocBrowserTests/Info.plist;
				LD_RUNPATH_SEARCH_PATHS = "$(inherited) @executable_path/Frameworks @loader_path/Frameworks";
				PRODUCT_BUNDLE_IDENTIFIER = com.Bloc.BlocBrowserTests;
				PRODUCT_NAME = "$(TARGET_NAME)";
				TEST_HOST = "$(BUILT_PRODUCTS_DIR)/BlocBrowser.app/BlocBrowser";
			};
			name = Debug;
		};
		4301CB9E1BB316CB00298037 /* Release */ = {
			isa = XCBuildConfiguration;
			buildSettings = {
				BUNDLE_LOADER = "$(TEST_HOST)";
				INFOPLIST_FILE = BlocBrowserTests/Info.plist;
				LD_RUNPATH_SEARCH_PATHS = "$(inherited) @executable_path/Frameworks @loader_path/Frameworks";
				PRODUCT_BUNDLE_IDENTIFIER = com.Bloc.BlocBrowserTests;
				PRODUCT_NAME = "$(TARGET_NAME)";
				TEST_HOST = "$(BUILT_PRODUCTS_DIR)/BlocBrowser.app/BlocBrowser";
			};
			name = Release;
		};
		4301CBA01BB316CB00298037 /* Debug */ = {
			isa = XCBuildConfiguration;
			buildSettings = {
				INFOPLIST_FILE = BlocBrowserUITests/Info.plist;
				LD_RUNPATH_SEARCH_PATHS = "$(inherited) @executable_path/Frameworks @loader_path/Frameworks";
				PRODUCT_BUNDLE_IDENTIFIER = com.Bloc.BlocBrowserUITests;
				PRODUCT_NAME = "$(TARGET_NAME)";
				TEST_TARGET_NAME = BlocBrowser;
				USES_XCTRUNNER = YES;
			};
			name = Debug;
		};
		4301CBA11BB316CB00298037 /* Release */ = {
			isa = XCBuildConfiguration;
			buildSettings = {
				INFOPLIST_FILE = BlocBrowserUITests/Info.plist;
				LD_RUNPATH_SEARCH_PATHS = "$(inherited) @executable_path/Frameworks @loader_path/Frameworks";
				PRODUCT_BUNDLE_IDENTIFIER = com.Bloc.BlocBrowserUITests;
				PRODUCT_NAME = "$(TARGET_NAME)";
				TEST_TARGET_NAME = BlocBrowser;
				USES_XCTRUNNER = YES;
			};
			name = Release;
		};
/* End XCBuildConfiguration section */

/* Begin XCConfigurationList section */
		4301CB671BB316CA00298037 /* Build configuration list for PBXProject "BlocBrowser" */ = {
			isa = XCConfigurationList;
			buildConfigurations = (
				4301CB971BB316CB00298037 /* Debug */,
				4301CB981BB316CB00298037 /* Release */,
			);
			defaultConfigurationIsVisible = 0;
			defaultConfigurationName = Release;
		};
		4301CB991BB316CB00298037 /* Build configuration list for PBXNativeTarget "BlocBrowser" */ = {
			isa = XCConfigurationList;
			buildConfigurations = (
				4301CB9A1BB316CB00298037 /* Debug */,
				4301CB9B1BB316CB00298037 /* Release */,
			);
			defaultConfigurationIsVisible = 0;
			defaultConfigurationName = Release;
		};
		4301CB9C1BB316CB00298037 /* Build configuration list for PBXNativeTarget "BlocBrowserTests" */ = {
			isa = XCConfigurationList;
			buildConfigurations = (
				4301CB9D1BB316CB00298037 /* Debug */,
				4301CB9E1BB316CB00298037 /* Release */,
			);
			defaultConfigurationIsVisible = 0;
			defaultConfigurationName = Release;
		};
		4301CB9F1BB316CB00298037 /* Build configuration list for PBXNativeTarget "BlocBrowserUITests" */ = {
			isa = XCConfigurationList;
			buildConfigurations = (
				4301CBA01BB316CB00298037 /* Debug */,
				4301CBA11BB316CB00298037 /* Release */,
			);
			defaultConfigurationIsVisible = 0;
			defaultConfigurationName = Release;
		};
/* End XCConfigurationList section */
	};
	rootObject = 4301CB641BB316CA00298037 /* Project object */;
}
